
Microsoft Visual Studio Solution File, Format Version 12.00
# Visual Studio 15
VisualStudioVersion = 15.0.27130.2010
MinimumVisualStudioVersion = 10.0.40219.1
Project("{FAE04EC0-301F-11D3-BF4B-00C04F79EFBC}") = "Shaiya.Web", "Shaiya.Web\Shaiya.Web.csproj", "{7767C4F2-468A-4FB3-8536-DAFDE1BEA445}"
EndProject
Project("{FAE04EC0-301F-11D3-BF4B-00C04F79EFBC}") = "Shaiya.Data", "Shaiya.Data\Shaiya.Data.csproj", "{590E2130-03AB-42A1-A992-4E69572976B0}"
EndProject
Global
	GlobalSection(SolutionConfigurationPlatforms) = preSolution
		Debug|Any CPU = Debug|Any CPU
		Release|Any CPU = Release|Any CPU
	EndGlobalSection
	GlobalSection(ProjectConfigurationPlatforms) = postSolution
		{7767C4F2-468A-4FB3-8536-DAFDE1BEA445}.Debug|Any CPU.ActiveCfg = Debug|Any CPU
		{7767C4F2-468A-4FB3-8536-DAFDE1BEA445}.Debug|Any CPU.Build.0 = Debug|Any CPU
		{7767C4F2-468A-4FB3-8536-DAFDE1BEA445}.Release|Any CPU.ActiveCfg = Release|Any CPU
		{7767C4F2-468A-4FB3-8536-DAFDE1BEA445}.Release|Any CPU.Build.0 = Release|Any CPU
		{590E2130-03AB-42A1-A992-4E69572976B0}.Debug|Any CPU.ActiveCfg = Debug|Any CPU
		{590E2130-03AB-42A1-A992-4E69572976B0}.Debug|Any CPU.Build.0 = Debug|Any CPU
		{590E2130-03AB-42A1-A992-4E69572976B0}.Release|Any CPU.ActiveCfg = Release|Any CPU
		{590E2130-03AB-42A1-A992-4E69572976B0}.Release|Any CPU.Build.0 = Release|Any CPU
	EndGlobalSection
	GlobalSection(SolutionProperties) = preSolution
		HideSolutionNode = FALSE
	EndGlobalSection
	GlobalSection(ExtensibilityGlobals) = postSolution
		SolutionGuid = {A7476DF4-D704-4838-ACB1-B2CA25692B1E}
	EndGlobalSection
EndGlobal
